
Microsoft Visual Studio Solution File, Format Version 12.00
# Visual Studio 15
VisualStudioVersion = 15.0.27428.2037
MinimumVisualStudioVersion = 10.0.40219.1
Project("{FAE04EC0-301F-11D3-BF4B-00C04F79EFBC}") = "dotnet_g1e", "dotnet_g1e\dotnet_g1e.csproj", "{ECD330D5-C2CD-42BF-B7AB-CFF9F9292FAB}"
EndProject
Global
	GlobalSection(SolutionConfigurationPlatforms) = preSolution
		Debug|Any CPU = Debug|Any CPU
		Release|Any CPU = Release|Any CPU
	EndGlobalSection
	GlobalSection(ProjectConfigurationPlatforms) = postSolution
		{ECD330D5-C2CD-42BF-B7AB-CFF9F9292FAB}.Debug|Any CPU.ActiveCfg = Debug|Any CPU
		{ECD330D5-C2CD-42BF-B7AB-CFF9F9292FAB}.Debug|Any CPU.Build.0 = Debug|Any CPU
		{ECD330D5-C2CD-42BF-B7AB-CFF9F9292FAB}.Release|Any CPU.ActiveCfg = Release|Any CPU
		{ECD330D5-C2CD-42BF-B7AB-CFF9F9292FAB}.Release|Any CPU.Build.0 = Release|Any CPU
	EndGlobalSection
	GlobalSection(SolutionProperties) = preSolution
		HideSolutionNode = FALSE
	EndGlobalSection
	GlobalSection(ExtensibilityGlobals) = postSolution
		SolutionGuid = {0E09CF23-CA52-4F4E-A705-6D0A2DBF763A}
	EndGlobalSection
EndGlobal
